
Microsoft Visual Studio Solution File, Format Version 12.00
# Visual Studio 2013
VisualStudioVersion = 12.0.31101.0
MinimumVisualStudioVersion = 10.0.40219.1
Project("{FAE04EC0-301F-11D3-BF4B-00C04F79EFBC}") = "Socres.FakingEasy", "src\Socres.FakingEasy\Socres.FakingEasy.csproj", "{24BA8D2A-2AD4-48CE-922D-BA50D2365700}"
EndProject
Project("{2150E333-8FDC-42A3-9474-1A3956D46DE8}") = ".nuget", ".nuget", "{8852E0E6-6E18-4839-BD06-255247982EDD}"
	ProjectSection(SolutionItems) = preProject
		.nuget\NuGet.Config = .nuget\NuGet.Config
		.nuget\NuGet.exe = .nuget\NuGet.exe
		.nuget\NuGet.targets = .nuget\NuGet.targets
	EndProjectSection
EndProject
Project("{FAE04EC0-301F-11D3-BF4B-00C04F79EFBC}") = "Socres.Web.Mvc", "src\Socres.Web.Mvc\Socres.Web.Mvc.csproj", "{4E053295-750E-49DB-B5E8-A2B671C65E53}"
EndProject
Project("{2150E333-8FDC-42A3-9474-1A3956D46DE8}") = "src", "src", "{E12FD65C-3501-4197-9959-DF76875B31C9}"
EndProject
Project("{2150E333-8FDC-42A3-9474-1A3956D46DE8}") = "samples", "samples", "{5A4F10F3-D4E8-4C4F-920F-8266988E4582}"
EndProject
Project("{FAE04EC0-301F-11D3-BF4B-00C04F79EFBC}") = "SocresSamples.FakingEasy", "samples\SocresSamples.FakingEasy\SocresSamples.FakingEasy.csproj", "{210BFE39-E884-497D-8CE1-F38659DA8E2E}"
EndProject
Project("{FAE04EC0-301F-11D3-BF4B-00C04F79EFBC}") = "SocresSamples.Web.Mvc", "samples\SocresSamples.Web.Mvc\SocresSamples.Web.Mvc.csproj", "{915AFD6C-2BC5-45E6-9521-2D92B9753A27}"
EndProject
Project("{2150E333-8FDC-42A3-9474-1A3956D46DE8}") = "tests", "tests", "{7FCFCCC4-2216-47BC-AB5F-3F15B98A7075}"
EndProject
Project("{FAE04EC0-301F-11D3-BF4B-00C04F79EFBC}") = "Socres.Web.Mvc.Tests", "tests\Socres.Web.Mvc.Tests\Socres.Web.Mvc.Tests.csproj", "{9C89A6F8-2A40-4CF1-8E2D-7AE1840DFF6C}"
EndProject
Project("{FAE04EC0-301F-11D3-BF4B-00C04F79EFBC}") = "Socres.Security", "src\Socres.Security\Socres.Security.csproj", "{30567824-8043-4577-8DBF-24ADA603A4D8}"
EndProject
Project("{FAE04EC0-301F-11D3-BF4B-00C04F79EFBC}") = "Socres.Security.Tests", "tests\Socres.Security.Tests\Socres.Security.Tests.csproj", "{29A6BE6D-B342-467B-8821-2F4B8B0B45CA}"
EndProject
Global
	GlobalSection(SolutionConfigurationPlatforms) = preSolution
		Debug|Any CPU = Debug|Any CPU
		Release|Any CPU = Release|Any CPU
	EndGlobalSection
	GlobalSection(ProjectConfigurationPlatforms) = postSolution
		{24BA8D2A-2AD4-48CE-922D-BA50D2365700}.Debug|Any CPU.ActiveCfg = Debug|Any CPU
		{24BA8D2A-2AD4-48CE-922D-BA50D2365700}.Debug|Any CPU.Build.0 = Debug|Any CPU
		{24BA8D2A-2AD4-48CE-922D-BA50D2365700}.Release|Any CPU.ActiveCfg = Release|Any CPU
		{24BA8D2A-2AD4-48CE-922D-BA50D2365700}.Release|Any CPU.Build.0 = Release|Any CPU
		{4E053295-750E-49DB-B5E8-A2B671C65E53}.Debug|Any CPU.ActiveCfg = Debug|Any CPU
		{4E053295-750E-49DB-B5E8-A2B671C65E53}.Debug|Any CPU.Build.0 = Debug|Any CPU
		{4E053295-750E-49DB-B5E8-A2B671C65E53}.Release|Any CPU.ActiveCfg = Release|Any CPU
		{4E053295-750E-49DB-B5E8-A2B671C65E53}.Release|Any CPU.Build.0 = Release|Any CPU
		{210BFE39-E884-497D-8CE1-F38659DA8E2E}.Debug|Any CPU.ActiveCfg = Debug|Any CPU
		{210BFE39-E884-497D-8CE1-F38659DA8E2E}.Debug|Any CPU.Build.0 = Debug|Any CPU
		{210BFE39-E884-497D-8CE1-F38659DA8E2E}.Release|Any CPU.ActiveCfg = Release|Any CPU
		{210BFE39-E884-497D-8CE1-F38659DA8E2E}.Release|Any CPU.Build.0 = Release|Any CPU
		{915AFD6C-2BC5-45E6-9521-2D92B9753A27}.Debug|Any CPU.ActiveCfg = Debug|Any CPU
		{915AFD6C-2BC5-45E6-9521-2D92B9753A27}.Debug|Any CPU.Build.0 = Debug|Any CPU
		{915AFD6C-2BC5-45E6-9521-2D92B9753A27}.Release|Any CPU.ActiveCfg = Release|Any CPU
		{915AFD6C-2BC5-45E6-9521-2D92B9753A27}.Release|Any CPU.Build.0 = Release|Any CPU
		{9C89A6F8-2A40-4CF1-8E2D-7AE1840DFF6C}.Debug|Any CPU.ActiveCfg = Debug|Any CPU
		{9C89A6F8-2A40-4CF1-8E2D-7AE1840DFF6C}.Debug|Any CPU.Build.0 = Debug|Any CPU
		{9C89A6F8-2A40-4CF1-8E2D-7AE1840DFF6C}.Release|Any CPU.ActiveCfg = Release|Any CPU
		{9C89A6F8-2A40-4CF1-8E2D-7AE1840DFF6C}.Release|Any CPU.Build.0 = Release|Any CPU
		{30567824-8043-4577-8DBF-24ADA603A4D8}.Debug|Any CPU.ActiveCfg = Debug|Any CPU
		{30567824-8043-4577-8DBF-24ADA603A4D8}.Debug|Any CPU.Build.0 = Debug|Any CPU
		{30567824-8043-4577-8DBF-24ADA603A4D8}.Release|Any CPU.ActiveCfg = Release|Any CPU
		{30567824-8043-4577-8DBF-24ADA603A4D8}.Release|Any CPU.Build.0 = Release|Any CPU
		{29A6BE6D-B342-467B-8821-2F4B8B0B45CA}.Debug|Any CPU.ActiveCfg = Debug|Any CPU
		{29A6BE6D-B342-467B-8821-2F4B8B0B45CA}.Debug|Any CPU.Build.0 = Debug|Any CPU
		{29A6BE6D-B342-467B-8821-2F4B8B0B45CA}.Release|Any CPU.ActiveCfg = Release|Any CPU
		{29A6BE6D-B342-467B-8821-2F4B8B0B45CA}.Release|Any CPU.Build.0 = Release|Any CPU
	EndGlobalSection
	GlobalSection(SolutionProperties) = preSolution
		HideSolutionNode = FALSE
	EndGlobalSection
	GlobalSection(NestedProjects) = preSolution
		{24BA8D2A-2AD4-48CE-922D-BA50D2365700} = {E12FD65C-3501-4197-9959-DF76875B31C9}
		{4E053295-750E-49DB-B5E8-A2B671C65E53} = {E12FD65C-3501-4197-9959-DF76875B31C9}
		{210BFE39-E884-497D-8CE1-F38659DA8E2E} = {5A4F10F3-D4E8-4C4F-920F-8266988E4582}
		{915AFD6C-2BC5-45E6-9521-2D92B9753A27} = {5A4F10F3-D4E8-4C4F-920F-8266988E4582}
		{9C89A6F8-2A40-4CF1-8E2D-7AE1840DFF6C} = {7FCFCCC4-2216-47BC-AB5F-3F15B98A7075}
		{30567824-8043-4577-8DBF-24ADA603A4D8} = {E12FD65C-3501-4197-9959-DF76875B31C9}
		{29A6BE6D-B342-467B-8821-2F4B8B0B45CA} = {7FCFCCC4-2216-47BC-AB5F-3F15B98A7075}
	EndGlobalSection
EndGlobal
